
Microsoft Visual Studio Solution File, Format Version 12.00
# Visual Studio 15
VisualStudioVersion = 15.0.27130.2027
MinimumVisualStudioVersion = 10.0.40219.1
Project("{9A19103F-16F7-4668-BE54-9A1E7A4F7556}") = "PrimeService", "PrimeService.csproj", "{D21F4763-4B60-4F92-A28E-B4A87C21A763}"
EndProject
Project("{9A19103F-16F7-4668-BE54-9A1E7A4F7556}") = "PrimeService.Tests", "..\PrimeService.Tests\PrimeService.Tests.csproj", "{08A9A9FA-F59C-48BC-8119-B9750B935D76}"
EndProject
Global
	GlobalSection(SolutionConfigurationPlatforms) = preSolution
		Debug|Any CPU = Debug|Any CPU
		Release|Any CPU = Release|Any CPU
	EndGlobalSection
	GlobalSection(ProjectConfigurationPlatforms) = postSolution
		{D21F4763-4B60-4F92-A28E-B4A87C21A763}.Debug|Any CPU.ActiveCfg = Debug|Any CPU
		{D21F4763-4B60-4F92-A28E-B4A87C21A763}.Debug|Any CPU.Build.0 = Debug|Any CPU
		{D21F4763-4B60-4F92-A28E-B4A87C21A763}.Release|Any CPU.ActiveCfg = Release|Any CPU
		{D21F4763-4B60-4F92-A28E-B4A87C21A763}.Release|Any CPU.Build.0 = Release|Any CPU
		{08A9A9FA-F59C-48BC-8119-B9750B935D76}.Debug|Any CPU.ActiveCfg = Debug|Any CPU
		{08A9A9FA-F59C-48BC-8119-B9750B935D76}.Debug|Any CPU.Build.0 = Debug|Any CPU
		{08A9A9FA-F59C-48BC-8119-B9750B935D76}.Release|Any CPU.ActiveCfg = Release|Any CPU
		{08A9A9FA-F59C-48BC-8119-B9750B935D76}.Release|Any CPU.Build.0 = Release|Any CPU
	EndGlobalSection
	GlobalSection(SolutionProperties) = preSolution
		HideSolutionNode = FALSE
	EndGlobalSection
	GlobalSection(ExtensibilityGlobals) = postSolution
		SolutionGuid = {9CD75A23-6D6F-4755-BD69-80127D5C20A6}
	EndGlobalSection
EndGlobal
