
Microsoft Visual Studio Solution File, Format Version 12.00
# Visual Studio 15
VisualStudioVersion = 15.0.26403.7
MinimumVisualStudioVersion = 10.0.40219.1
Project("{FAE04EC0-301F-11D3-BF4B-00C04F79EFBC}") = "MvcMusicStore", "MvcMusicStore\MvcMusicStore.csproj", "{94DB84F7-A512-4CAB-8615-72527702FF1D}"
EndProject
Project("{FAE04EC0-301F-11D3-BF4B-00C04F79EFBC}") = "MvcMusicStore.Tests", "MvcMusicStore.Tests\MvcMusicStore.Tests.csproj", "{DBE4F6F8-FE31-47ED-946C-DE330C5757E0}"
EndProject
Global
	GlobalSection(SolutionConfigurationPlatforms) = preSolution
		Debug|Any CPU = Debug|Any CPU
		Release|Any CPU = Release|Any CPU
	EndGlobalSection
	GlobalSection(ProjectConfigurationPlatforms) = postSolution
		{94DB84F7-A512-4CAB-8615-72527702FF1D}.Debug|Any CPU.ActiveCfg = Debug|Any CPU
		{94DB84F7-A512-4CAB-8615-72527702FF1D}.Debug|Any CPU.Build.0 = Debug|Any CPU
		{94DB84F7-A512-4CAB-8615-72527702FF1D}.Release|Any CPU.ActiveCfg = Release|Any CPU
		{94DB84F7-A512-4CAB-8615-72527702FF1D}.Release|Any CPU.Build.0 = Release|Any CPU
		{DBE4F6F8-FE31-47ED-946C-DE330C5757E0}.Debug|Any CPU.ActiveCfg = Debug|Any CPU
		{DBE4F6F8-FE31-47ED-946C-DE330C5757E0}.Debug|Any CPU.Build.0 = Debug|Any CPU
		{DBE4F6F8-FE31-47ED-946C-DE330C5757E0}.Release|Any CPU.ActiveCfg = Release|Any CPU
		{DBE4F6F8-FE31-47ED-946C-DE330C5757E0}.Release|Any CPU.Build.0 = Release|Any CPU
	EndGlobalSection
	GlobalSection(SolutionProperties) = preSolution
		HideSolutionNode = FALSE
	EndGlobalSection
EndGlobal
