
Microsoft Visual Studio Solution File, Format Version 12.00
# Visual Studio 15
VisualStudioVersion = 15.0.26403.7
MinimumVisualStudioVersion = 10.0.40219.1
Project("{FAE04EC0-301F-11D3-BF4B-00C04F79EFBC}") = "MVCMusicStoreWithAuthentication", "MVCMusicStoreWithAuthentication\MVCMusicStoreWithAuthentication.csproj", "{0AB9BE0E-216E-4372-B66D-DE9A7FE0D15C}"
EndProject
Project("{FAE04EC0-301F-11D3-BF4B-00C04F79EFBC}") = "MVCMusicStoreWithAuthentication.Tests", "MVCMusicStoreWithAuthentication.Tests\MVCMusicStoreWithAuthentication.Tests.csproj", "{6921DD75-EEC2-44A6-9298-1DF460ACCE19}"
EndProject
Global
	GlobalSection(SolutionConfigurationPlatforms) = preSolution
		Debug|Any CPU = Debug|Any CPU
		Release|Any CPU = Release|Any CPU
	EndGlobalSection
	GlobalSection(ProjectConfigurationPlatforms) = postSolution
		{0AB9BE0E-216E-4372-B66D-DE9A7FE0D15C}.Debug|Any CPU.ActiveCfg = Debug|Any CPU
		{0AB9BE0E-216E-4372-B66D-DE9A7FE0D15C}.Debug|Any CPU.Build.0 = Debug|Any CPU
		{0AB9BE0E-216E-4372-B66D-DE9A7FE0D15C}.Release|Any CPU.ActiveCfg = Release|Any CPU
		{0AB9BE0E-216E-4372-B66D-DE9A7FE0D15C}.Release|Any CPU.Build.0 = Release|Any CPU
		{6921DD75-EEC2-44A6-9298-1DF460ACCE19}.Debug|Any CPU.ActiveCfg = Debug|Any CPU
		{6921DD75-EEC2-44A6-9298-1DF460ACCE19}.Debug|Any CPU.Build.0 = Debug|Any CPU
		{6921DD75-EEC2-44A6-9298-1DF460ACCE19}.Release|Any CPU.ActiveCfg = Release|Any CPU
		{6921DD75-EEC2-44A6-9298-1DF460ACCE19}.Release|Any CPU.Build.0 = Release|Any CPU
	EndGlobalSection
	GlobalSection(SolutionProperties) = preSolution
		HideSolutionNode = FALSE
	EndGlobalSection
EndGlobal
