
Microsoft Visual Studio Solution File, Format Version 12.00
# Visual Studio 15
VisualStudioVersion = 15.0.27130.2027
MinimumVisualStudioVersion = 10.0.40219.1
Project("{FAE04EC0-301F-11D3-BF4B-00C04F79EFBC}") = "FizzBuzz", "FizzBuzz\FizzBuzz.csproj", "{AA1D36EF-7E31-46F2-9190-0237F61912C0}"
EndProject
Project("{FAE04EC0-301F-11D3-BF4B-00C04F79EFBC}") = "FizzBuzzUnitTest", "FizzBuzzUnitTest\FizzBuzzUnitTest.csproj", "{74B53B04-C6C0-4410-8489-FFED43A6F588}"
EndProject
Global
	GlobalSection(SolutionConfigurationPlatforms) = preSolution
		Debug|Any CPU = Debug|Any CPU
		Release|Any CPU = Release|Any CPU
	EndGlobalSection
	GlobalSection(ProjectConfigurationPlatforms) = postSolution
		{AA1D36EF-7E31-46F2-9190-0237F61912C0}.Debug|Any CPU.ActiveCfg = Debug|Any CPU
		{AA1D36EF-7E31-46F2-9190-0237F61912C0}.Debug|Any CPU.Build.0 = Debug|Any CPU
		{AA1D36EF-7E31-46F2-9190-0237F61912C0}.Release|Any CPU.ActiveCfg = Release|Any CPU
		{AA1D36EF-7E31-46F2-9190-0237F61912C0}.Release|Any CPU.Build.0 = Release|Any CPU
		{74B53B04-C6C0-4410-8489-FFED43A6F588}.Debug|Any CPU.ActiveCfg = Debug|Any CPU
		{74B53B04-C6C0-4410-8489-FFED43A6F588}.Debug|Any CPU.Build.0 = Debug|Any CPU
		{74B53B04-C6C0-4410-8489-FFED43A6F588}.Release|Any CPU.ActiveCfg = Release|Any CPU
		{74B53B04-C6C0-4410-8489-FFED43A6F588}.Release|Any CPU.Build.0 = Release|Any CPU
	EndGlobalSection
	GlobalSection(SolutionProperties) = preSolution
		HideSolutionNode = FALSE
	EndGlobalSection
	GlobalSection(ExtensibilityGlobals) = postSolution
		SolutionGuid = {CB8699F5-2D28-471C-AF08-15E562A8A92D}
	EndGlobalSection
EndGlobal
